
Microsoft Visual Studio Solution File, Format Version 12.00
# Visual Studio Version 17
VisualStudioVersion = 17.2.32630.192
MinimumVisualStudioVersion = 10.0.40219.1
Project("{9A19103F-16F7-4668-BE54-9A1E7A4F7556}") = "ProjectManagement", "ProjectManagement\ProjectManagement.csproj", "{6948F0F0-4056-45C4-BB65-59B2A0F47CCE}"
EndProject
Project("{9A19103F-16F7-4668-BE54-9A1E7A4F7556}") = "ProjectManagement.Core", "ProjectManagement.Core\ProjectManagement.Core.csproj", "{4D5782BB-2EFC-4416-A6EE-A9F97E950BC9}"
EndProject
Project("{9A19103F-16F7-4668-BE54-9A1E7A4F7556}") = "ProjectManagement.Infrastructure", "ProjectManagement.Infrastructure\ProjectManagement.Infrastructure.csproj", "{6E3BAB72-9EF1-4C5F-B14B-95CF07D1BCF4}"
EndProject
Global
	GlobalSection(SolutionConfigurationPlatforms) = preSolution
		Debug|Any CPU = Debug|Any CPU
		Release|Any CPU = Release|Any CPU
	EndGlobalSection
	GlobalSection(ProjectConfigurationPlatforms) = postSolution
		{6948F0F0-4056-45C4-BB65-59B2A0F47CCE}.Debug|Any CPU.ActiveCfg = Debug|Any CPU
		{6948F0F0-4056-45C4-BB65-59B2A0F47CCE}.Debug|Any CPU.Build.0 = Debug|Any CPU
		{6948F0F0-4056-45C4-BB65-59B2A0F47CCE}.Release|Any CPU.ActiveCfg = Release|Any CPU
		{6948F0F0-4056-45C4-BB65-59B2A0F47CCE}.Release|Any CPU.Build.0 = Release|Any CPU
		{4D5782BB-2EFC-4416-A6EE-A9F97E950BC9}.Debug|Any CPU.ActiveCfg = Debug|Any CPU
		{4D5782BB-2EFC-4416-A6EE-A9F97E950BC9}.Debug|Any CPU.Build.0 = Debug|Any CPU
		{4D5782BB-2EFC-4416-A6EE-A9F97E950BC9}.Release|Any CPU.ActiveCfg = Release|Any CPU
		{4D5782BB-2EFC-4416-A6EE-A9F97E950BC9}.Release|Any CPU.Build.0 = Release|Any CPU
		{6E3BAB72-9EF1-4C5F-B14B-95CF07D1BCF4}.Debug|Any CPU.ActiveCfg = Debug|Any CPU
		{6E3BAB72-9EF1-4C5F-B14B-95CF07D1BCF4}.Debug|Any CPU.Build.0 = Debug|Any CPU
		{6E3BAB72-9EF1-4C5F-B14B-95CF07D1BCF4}.Release|Any CPU.ActiveCfg = Release|Any CPU
		{6E3BAB72-9EF1-4C5F-B14B-95CF07D1BCF4}.Release|Any CPU.Build.0 = Release|Any CPU
	EndGlobalSection
	GlobalSection(SolutionProperties) = preSolution
		HideSolutionNode = FALSE
	EndGlobalSection
	GlobalSection(ExtensibilityGlobals) = postSolution
		SolutionGuid = {ADDF4077-4E03-41FF-9F17-6A74E09C9D0D}
	EndGlobalSection
EndGlobal
